
Microsoft Visual Studio Solution File, Format Version 12.00
# Visual Studio Version 16
VisualStudioVersion = 16.0.32802.440
MinimumVisualStudioVersion = 10.0.40219.1
Project("{8BC9CEB8-8B4A-11D0-8D11-00A0C91BC942}") = "spy", "spy\spy.vcxproj", "{4DE80B82-5F6A-4C4C-9D16-1574308110FA}"
EndProject
Project("{8BC9CEB8-8B4A-11D0-8D11-00A0C91BC942}") = "sdk", "sdk\sdk.vcxproj", "{ABFCB647-137F-478B-A73E-F0B1E3ADC215}"
	ProjectSection(ProjectDependencies) = postProject
		{4DE80B82-5F6A-4C4C-9D16-1574308110FA} = {4DE80B82-5F6A-4C4C-9D16-1574308110FA}
	EndProjectSection
EndProject
Global
	GlobalSection(SolutionConfigurationPlatforms) = preSolution
		Debug|x64 = Debug|x64
		Dev|x64 = Dev|x64
		Release|x64 = Release|x64
	EndGlobalSection
	GlobalSection(ProjectConfigurationPlatforms) = postSolution
		{4DE80B82-5F6A-4C4C-9D16-1574308110FA}.Debug|x64.ActiveCfg = Debug|x64
		{4DE80B82-5F6A-4C4C-9D16-1574308110FA}.Debug|x64.Build.0 = Debug|x64
		{4DE80B82-5F6A-4C4C-9D16-1574308110FA}.Dev|x64.ActiveCfg = Dev|x64
		{4DE80B82-5F6A-4C4C-9D16-1574308110FA}.Dev|x64.Build.0 = Dev|x64
		{4DE80B82-5F6A-4C4C-9D16-1574308110FA}.Release|x64.ActiveCfg = Release|x64
		{4DE80B82-5F6A-4C4C-9D16-1574308110FA}.Release|x64.Build.0 = Release|x64
		{ABFCB647-137F-478B-A73E-F0B1E3ADC215}.Debug|x64.ActiveCfg = Debug|x64
		{ABFCB647-137F-478B-A73E-F0B1E3ADC215}.Dev|x64.ActiveCfg = Dev|x64
		{ABFCB647-137F-478B-A73E-F0B1E3ADC215}.Release|x64.ActiveCfg = Release|x64
		{ABFCB647-137F-478B-A73E-F0B1E3ADC215}.Release|x64.Build.0 = Release|x64
	EndGlobalSection
	GlobalSection(SolutionProperties) = preSolution
		HideSolutionNode = FALSE
	EndGlobalSection
	GlobalSection(ExtensibilityGlobals) = postSolution
		SolutionGuid = {76A678AA-570C-4CB7-B58F-3B2C170ACAC0}
	EndGlobalSection
EndGlobal
